# This file is automatically @generated by Cargo.
# It is not intended for manual editing.
version = 3

[[package]]
name = "configparser"
version = "3.0.0"
source = "registry+https://github.com/rust-lang/crates.io-index"
checksum = "06821ea598337a8412cf47c5b71c3bc694a7f0aed188ac28b836fab164a2c202"

[[package]]
name = "simple-deployer"
version = "0.0.1"
dependencies = [
 "configparser",
]
